
Microsoft Visual Studio Solution File, Format Version 12.00
# Visual Studio 15
VisualStudioVersion = 15.0.26730.16
MinimumVisualStudioVersion = 10.0.40219.1
Project("{FAE04EC0-301F-11D3-BF4B-00C04F79EFBC}") = "EsGace", "EsGace\EsGace.csproj", "{439CDFAE-276F-46D2-ADBF-67C0CF34F1E4}"
EndProject
Project("{FAE04EC0-301F-11D3-BF4B-00C04F79EFBC}") = "EsGaceEngin", "EsGaceEngin\EsGaceEngin.csproj", "{6CFF1D32-2748-466F-8B41-A3878F1C3FB9}"
EndProject
Project("{54435603-DBB4-11D2-8724-00A0C9A8B90C}") = "EsgaceSetup", "EsgaceSetup\EsgaceSetup.vdproj", "{31A6DD09-5866-4351-8933-FD41ECB76666}"
EndProject
Project("{FAE04EC0-301F-11D3-BF4B-00C04F79EFBC}") = "EsGaceWPF", "EsGaceWPF\EsGaceWPF.csproj", "{525E0D9D-F774-4987-8A90-4C9FDACEF57A}"
EndProject
Global
	GlobalSection(SolutionConfigurationPlatforms) = preSolution
		Debug|Any CPU = Debug|Any CPU
		Release|Any CPU = Release|Any CPU
	EndGlobalSection
	GlobalSection(ProjectConfigurationPlatforms) = postSolution
		{439CDFAE-276F-46D2-ADBF-67C0CF34F1E4}.Debug|Any CPU.ActiveCfg = Debug|Any CPU
		{439CDFAE-276F-46D2-ADBF-67C0CF34F1E4}.Debug|Any CPU.Build.0 = Debug|Any CPU
		{439CDFAE-276F-46D2-ADBF-67C0CF34F1E4}.Release|Any CPU.ActiveCfg = Release|Any CPU
		{439CDFAE-276F-46D2-ADBF-67C0CF34F1E4}.Release|Any CPU.Build.0 = Release|Any CPU
		{6CFF1D32-2748-466F-8B41-A3878F1C3FB9}.Debug|Any CPU.ActiveCfg = Debug|Any CPU
		{6CFF1D32-2748-466F-8B41-A3878F1C3FB9}.Debug|Any CPU.Build.0 = Debug|Any CPU
		{6CFF1D32-2748-466F-8B41-A3878F1C3FB9}.Release|Any CPU.ActiveCfg = Release|Any CPU
		{6CFF1D32-2748-466F-8B41-A3878F1C3FB9}.Release|Any CPU.Build.0 = Release|Any CPU
		{31A6DD09-5866-4351-8933-FD41ECB76666}.Debug|Any CPU.ActiveCfg = Debug
		{31A6DD09-5866-4351-8933-FD41ECB76666}.Release|Any CPU.ActiveCfg = Release
		{31A6DD09-5866-4351-8933-FD41ECB76666}.Release|Any CPU.Build.0 = Release
		{525E0D9D-F774-4987-8A90-4C9FDACEF57A}.Debug|Any CPU.ActiveCfg = Debug|Any CPU
		{525E0D9D-F774-4987-8A90-4C9FDACEF57A}.Debug|Any CPU.Build.0 = Debug|Any CPU
		{525E0D9D-F774-4987-8A90-4C9FDACEF57A}.Release|Any CPU.ActiveCfg = Release|Any CPU
		{525E0D9D-F774-4987-8A90-4C9FDACEF57A}.Release|Any CPU.Build.0 = Release|Any CPU
	EndGlobalSection
	GlobalSection(SolutionProperties) = preSolution
		HideSolutionNode = FALSE
	EndGlobalSection
	GlobalSection(ExtensibilityGlobals) = postSolution
		SolutionGuid = {97C84A73-3C2C-4235-8AE7-A59BDB3173A1}
	EndGlobalSection
EndGlobal
